{
  "object": {
    "pins": [
      {
        "package": "RxExpect",
        "repositoryURL": "https://github.com/devxoul/RxExpect.git",
        "state": {
          "branch": null,
          "revision": "c3a3bb3d46ee831582c6619ecc48cda1cdbff890",
          "version": "2.0.0"
        }
      },
      {
        "package": "RxSwift",
        "repositoryURL": "https://github.com/ReactiveX/RxSwift.git",
        "state": {
          "branch": null,
          "revision": "002d325b0bdee94e7882e1114af5ff4fe1e96afa",
          "version": "5.1.1"
        }
      },
      {
        "package": "WeakMapTable",
        "repositoryURL": "https://github.com/wannagohome/WeakMapTable.git",
        "state": {
          "branch": "master",
          "revision": "ccd5668a7a6965a8e0aff595a8837d2bb06c9789",
          "version": null
        }
      }
    ]
  },
  "version": 1
}
